// !$*UTF8*$!
{
	archiveVersion = 1;
	classes = {
	};
	objectVersion = 50;
	objects = {

/* Begin PBXBuildFile section */
		5730FB2521D5B48D00BA0E46 /* Credits.swift in Sources */ = {isa = PBXBuildFile; fileRef = 5730FB2421D5B48D00BA0E46 /* Credits.swift */; };
		57DBB55621D1AEC3001E5CC5 /* AppDelegate.swift in Sources */ = {isa = PBXBuildFile; fileRef = 57DBB55521D1AEC3001E5CC5 /* AppDelegate.swift */; };
		57DBB55821D1AEC3001E5CC5 /* GunsHomeScreen.swift in Sources */ = {isa = PBXBuildFile; fileRef = 57DBB55721D1AEC3001E5CC5 /* GunsHomeScreen.swift */; };
		57DBB55B21D1AEC3001E5CC5 /* Main.storyboard in Resources */ = {isa = PBXBuildFile; fileRef = 57DBB55921D1AEC3001E5CC5 /* Main.storyboard */; };
		57DBB55D21D1AEC5001E5CC5 /* Assets.xcassets in Resources */ = {isa = PBXBuildFile; fileRef = 57DBB55C21D1AEC5001E5CC5 /* Assets.xcassets */; };
		57DBB56021D1AEC5001E5CC5 /* LaunchScreen.storyboard in Resources */ = {isa = PBXBuildFile; fileRef = 57DBB55E21D1AEC5001E5CC5 /* LaunchScreen.storyboard */; };
		57DBB56821D313EC001E5CC5 /* MoreGunsHomeScreen.swift in Sources */ = {isa = PBXBuildFile; fileRef = 57DBB56721D313EC001E5CC5 /* MoreGunsHomeScreen.swift */; };
		57DBB56A21D31438001E5CC5 /* Forgery.swift in Sources */ = {isa = PBXBuildFile; fileRef = 57DBB56921D31438001E5CC5 /* Forgery.swift */; };
		57DBB56C21D3145D001E5CC5 /* Settings.swift in Sources */ = {isa = PBXBuildFile; fileRef = 57DBB56B21D3145D001E5CC5 /* Settings.swift */; };
		57DBB56E21D3147E001E5CC5 /* Store.swift in Sources */ = {isa = PBXBuildFile; fileRef = 57DBB56D21D3147E001E5CC5 /* Store.swift */; };
		57DBB57021D314BA001E5CC5 /* Menu.swift in Sources */ = {isa = PBXBuildFile; fileRef = 57DBB56F21D314BA001E5CC5 /* Menu.swift */; };
		57DBB57221D314ED001E5CC5 /* Map.swift in Sources */ = {isa = PBXBuildFile; fileRef = 57DBB57121D314ED001E5CC5 /* Map.swift */; };
		57DBB57421D31528001E5CC5 /* GunsForgery.swift in Sources */ = {isa = PBXBuildFile; fileRef = 57DBB57321D31528001E5CC5 /* GunsForgery.swift */; };
		57DBB57621D31562001E5CC5 /* MoreGunsForgery.swift in Sources */ = {isa = PBXBuildFile; fileRef = 57DBB57521D31562001E5CC5 /* MoreGunsForgery.swift */; };
/* End PBXBuildFile section */

/* Begin PBXFileReference section */
		5730FB2421D5B48D00BA0E46 /* Credits.swift */ = {isa = PBXFileReference; lastKnownFileType = sourcecode.swift; path = Credits.swift; sourceTree = "<group>"; };
		57DBB55221D1AEC3001E5CC5 /* Idle Gun Factory.app */ = {isa = PBXFileReference; explicitFileType = wrapper.application; includeInIndex = 0; path = "Idle Gun Factory.app"; sourceTree = BUILT_PRODUCTS_DIR; };
		57DBB55521D1AEC3001E5CC5 /* AppDelegate.swift */ = {isa = PBXFileReference; lastKnownFileType = sourcecode.swift; path = AppDelegate.swift; sourceTree = "<group>"; };
		57DBB55721D1AEC3001E5CC5 /* GunsHomeScreen.swift */ = {isa = PBXFileReference; lastKnownFileType = sourcecode.swift; path = GunsHomeScreen.swift; sourceTree = "<group>"; };
		57DBB55A21D1AEC3001E5CC5 /* Base */ = {isa = PBXFileReference; lastKnownFileType = file.storyboard; name = Base; path = Base.lproj/Main.storyboard; sourceTree = "<group>"; };
		57DBB55C21D1AEC5001E5CC5 /* Assets.xcassets */ = {isa = PBXFileReference; lastKnownFileType = folder.assetcatalog; path = Assets.xcassets; sourceTree = "<group>"; };
		57DBB55F21D1AEC5001E5CC5 /* Base */ = {isa = PBXFileReference; lastKnownFileType = file.storyboard; name = Base; path = Base.lproj/LaunchScreen.storyboard; sourceTree = "<group>"; };
		57DBB56121D1AEC5001E5CC5 /* Info.plist */ = {isa = PBXFileReference; lastKnownFileType = text.plist.xml; path = Info.plist; sourceTree = "<group>"; };
		57DBB56721D313EC001E5CC5 /* MoreGunsHomeScreen.swift */ = {isa = PBXFileReference; lastKnownFileType = sourcecode.swift; path = MoreGunsHomeScreen.swift; sourceTree = "<group>"; };
		57DBB56921D31438001E5CC5 /* Forgery.swift */ = {isa = PBXFileReference; lastKnownFileType = sourcecode.swift; path = Forgery.swift; sourceTree = "<group>"; };
		57DBB56B21D3145D001E5CC5 /* Settings.swift */ = {isa = PBXFileReference; lastKnownFileType = sourcecode.swift; path = Settings.swift; sourceTree = "<group>"; };
		57DBB56D21D3147E001E5CC5 /* Store.swift */ = {isa = PBXFileReference; lastKnownFileType = sourcecode.swift; path = Store.swift; sourceTree = "<group>"; };
		57DBB56F21D314BA001E5CC5 /* Menu.swift */ = {isa = PBXFileReference; lastKnownFileType = sourcecode.swift; path = Menu.swift; sourceTree = "<group>"; };
		57DBB57121D314ED001E5CC5 /* Map.swift */ = {isa = PBXFileReference; lastKnownFileType = sourcecode.swift; path = Map.swift; sourceTree = "<group>"; };
		57DBB57321D31528001E5CC5 /* GunsForgery.swift */ = {isa = PBXFileReference; lastKnownFileType = sourcecode.swift; path = GunsForgery.swift; sourceTree = "<group>"; };
		57DBB57521D31562001E5CC5 /* MoreGunsForgery.swift */ = {isa = PBXFileReference; lastKnownFileType = sourcecode.swift; path = MoreGunsForgery.swift; sourceTree = "<group>"; };
/* End PBXFileReference section */

/* Begin PBXFrameworksBuildPhase section */
		57DBB54F21D1AEC3001E5CC5 /* Frameworks */ = {
			isa = PBXFrameworksBuildPhase;
			buildActionMask = 2147483647;
			files = (
			);
			runOnlyForDeploymentPostprocessing = 0;
		};
/* End PBXFrameworksBuildPhase section */

/* Begin PBXGroup section */
		57DBB54921D1AEC3001E5CC5 = {
			isa = PBXGroup;
			children = (
				57DBB55421D1AEC3001E5CC5 /* Idle Gun Factory */,
				57DBB55321D1AEC3001E5CC5 /* Products */,
			);
			sourceTree = "<group>";
		};
		57DBB55321D1AEC3001E5CC5 /* Products */ = {
			isa = PBXGroup;
			children = (
				57DBB55221D1AEC3001E5CC5 /* Idle Gun Factory.app */,
			);
			name = Products;
			sourceTree = "<group>";
		};
		57DBB55421D1AEC3001E5CC5 /* Idle Gun Factory */ = {
			isa = PBXGroup;
			children = (
				57DBB55521D1AEC3001E5CC5 /* AppDelegate.swift */,
				57DBB55721D1AEC3001E5CC5 /* GunsHomeScreen.swift */,
				57DBB56721D313EC001E5CC5 /* MoreGunsHomeScreen.swift */,
				57DBB56921D31438001E5CC5 /* Forgery.swift */,
				57DBB56B21D3145D001E5CC5 /* Settings.swift */,
				57DBB56D21D3147E001E5CC5 /* Store.swift */,
				57DBB56F21D314BA001E5CC5 /* Menu.swift */,
				57DBB57121D314ED001E5CC5 /* Map.swift */,
				57DBB57321D31528001E5CC5 /* GunsForgery.swift */,
				57DBB57521D31562001E5CC5 /* MoreGunsForgery.swift */,
				5730FB2421D5B48D00BA0E46 /* Credits.swift */,
				57DBB55921D1AEC3001E5CC5 /* Main.storyboard */,
				57DBB55C21D1AEC5001E5CC5 /* Assets.xcassets */,
				57DBB55E21D1AEC5001E5CC5 /* LaunchScreen.storyboard */,
				57DBB56121D1AEC5001E5CC5 /* Info.plist */,
			);
			path = "Idle Gun Factory";
			sourceTree = "<group>";
		};
/* End PBXGroup section */

/* Begin PBXNativeTarget section */
		57DBB55121D1AEC3001E5CC5 /* Idle Gun Factory */ = {
			isa = PBXNativeTarget;
			buildConfigurationList = 57DBB56421D1AEC5001E5CC5 /* Build configuration list for PBXNativeTarget "Idle Gun Factory" */;
			buildPhases = (
				57DBB54E21D1AEC3001E5CC5 /* Sources */,
				57DBB54F21D1AEC3001E5CC5 /* Frameworks */,
				57DBB55021D1AEC3001E5CC5 /* Resources */,
			);
			buildRules = (
			);
			dependencies = (
			);
			name = "Idle Gun Factory";
			productName = "Idle Factory";
			productReference = 57DBB55221D1AEC3001E5CC5 /* Idle Gun Factory.app */;
			productType = "com.apple.product-type.application";
		};
/* End PBXNativeTarget section */

/* Begin PBXProject section */
		57DBB54A21D1AEC3001E5CC5 /* Project object */ = {
			isa = PBXProject;
			attributes = {
				LastSwiftUpdateCheck = 1010;
				LastUpgradeCheck = 1010;
				ORGANIZATIONNAME = "Caden Kowalski";
				TargetAttributes = {
					57DBB55121D1AEC3001E5CC5 = {
						CreatedOnToolsVersion = 10.1;
					};
				};
			};
			buildConfigurationList = 57DBB54D21D1AEC3001E5CC5 /* Build configuration list for PBXProject "Idle Gun Factory" */;
			compatibilityVersion = "Xcode 9.3";
			developmentRegion = en;
			hasScannedForEncodings = 0;
			knownRegions = (
				en,
				Base,
			);
			mainGroup = 57DBB54921D1AEC3001E5CC5;
			productRefGroup = 57DBB55321D1AEC3001E5CC5 /* Products */;
			projectDirPath = "";
			projectRoot = "";
			targets = (
				57DBB55121D1AEC3001E5CC5 /* Idle Gun Factory */,
			);
		};
/* End PBXProject section */

/* Begin PBXResourcesBuildPhase section */
		57DBB55021D1AEC3001E5CC5 /* Resources */ = {
			isa = PBXResourcesBuildPhase;
			buildActionMask = 2147483647;
			files = (
				57DBB56021D1AEC5001E5CC5 /* LaunchScreen.storyboard in Resources */,
				57DBB55D21D1AEC5001E5CC5 /* Assets.xcassets in Resources */,
				57DBB55B21D1AEC3001E5CC5 /* Main.storyboard in Resources */,
			);
			runOnlyForDeploymentPostprocessing = 0;
		};
/* End PBXResourcesBuildPhase section */

/* Begin PBXSourcesBuildPhase section */
		57DBB54E21D1AEC3001E5CC5 /* Sources */ = {
			isa = PBXSourcesBuildPhase;
			buildActionMask = 2147483647;
			files = (
				57DBB55821D1AEC3001E5CC5 /* GunsHomeScreen.swift in Sources */,
				57DBB56821D313EC001E5CC5 /* MoreGunsHomeScreen.swift in Sources */,
				57DBB57221D314ED001E5CC5 /* Map.swift in Sources */,
				57DBB57421D31528001E5CC5 /* GunsForgery.swift in Sources */,
				57DBB57621D31562001E5CC5 /* MoreGunsForgery.swift in Sources */,
				5730FB2521D5B48D00BA0E46 /* Credits.swift in Sources */,
				57DBB57021D314BA001E5CC5 /* Menu.swift in Sources */,
				57DBB56A21D31438001E5CC5 /* Forgery.swift in Sources */,
				57DBB56E21D3147E001E5CC5 /* Store.swift in Sources */,
				57DBB55621D1AEC3001E5CC5 /* AppDelegate.swift in Sources */,
				57DBB56C21D3145D001E5CC5 /* Settings.swift in Sources */,
			);
			runOnlyForDeploymentPostprocessing = 0;
		};
/* End PBXSourcesBuildPhase section */

/* Begin PBXVariantGroup section */
		57DBB55921D1AEC3001E5CC5 /* Main.storyboard */ = {
			isa = PBXVariantGroup;
			children = (
				57DBB55A21D1AEC3001E5CC5 /* Base */,
			);
			name = Main.storyboard;
			sourceTree = "<group>";
		};
		57DBB55E21D1AEC5001E5CC5 /* LaunchScreen.storyboard */ = {
			isa = PBXVariantGroup;
			children = (
				57DBB55F21D1AEC5001E5CC5 /* Base */,
			);
			name = LaunchScreen.storyboard;
			sourceTree = "<group>";
		};
/* End PBXVariantGroup section */

/* Begin XCBuildConfiguration section */
		57DBB56221D1AEC5001E5CC5 /* Debug */ = {
			isa = XCBuildConfiguration;
			buildSettings = {
				ALWAYS_SEARCH_USER_PATHS = NO;
				CLANG_ANALYZER_NONNULL = YES;
				CLANG_ANALYZER_NUMBER_OBJECT_CONVERSION = YES_AGGRESSIVE;
				CLANG_CXX_LANGUAGE_STANDARD = "gnu++14";
				CLANG_CXX_LIBRARY = "libc++";
				CLANG_ENABLE_MODULES = YES;
				CLANG_ENABLE_OBJC_ARC = YES;
				CLANG_ENABLE_OBJC_WEAK = YES;
				CLANG_WARN_BLOCK_CAPTURE_AUTORELEASING = YES;
				CLANG_WARN_BOOL_CONVERSION = YES;
				CLANG_WARN_COMMA = YES;
				CLANG_WARN_CONSTANT_CONVERSION = YES;
				CLANG_WARN_DEPRECATED_OBJC_IMPLEMENTATIONS = YES;
				CLANG_WARN_DIRECT_OBJC_ISA_USAGE = YES_ERROR;
				CLANG_WARN_DOCUMENTATION_COMMENTS = YES;
				CLANG_WARN_EMPTY_BODY = YES;
				CLANG_WARN_ENUM_CONVERSION = YES;
				CLANG_WARN_INFINITE_RECURSION = YES;
				CLANG_WARN_INT_CONVERSION = YES;
				CLANG_WARN_NON_LITERAL_NULL_CONVERSION = YES;
				CLANG_WARN_OBJC_IMPLICIT_RETAIN_SELF = YES;
				CLANG_WARN_OBJC_LITERAL_CONVERSION = YES;
				CLANG_WARN_OBJC_ROOT_CLASS = YES_ERROR;
				CLANG_WARN_RANGE_LOOP_ANALYSIS = YES;
				CLANG_WARN_STRICT_PROTOTYPES = YES;
				CLANG_WARN_SUSPICIOUS_MOVE = YES;
				CLANG_WARN_UNGUARDED_AVAILABILITY = YES_AGGRESSIVE;
				CLANG_WARN_UNREACHABLE_CODE = YES;
				CLANG_WARN__DUPLICATE_METHOD_MATCH = YES;
				CODE_SIGN_IDENTITY = "iPhone Developer";
				COPY_PHASE_STRIP = NO;
				DEBUG_INFORMATION_FORMAT = dwarf;
				ENABLE_STRICT_OBJC_MSGSEND = YES;
				ENABLE_TESTABILITY = YES;
				GCC_C_LANGUAGE_STANDARD = gnu11;
				GCC_DYNAMIC_NO_PIC = NO;
				GCC_NO_COMMON_BLOCKS = YES;
				GCC_OPTIMIZATION_LEVEL = 0;
				GCC_PREPROCESSOR_DEFINITIONS = (
					"DEBUG=1",
					"$(inherited)",
				);
				GCC_WARN_64_TO_32_BIT_CONVERSION = YES;
				GCC_WARN_ABOUT_RETURN_TYPE = YES_ERROR;
				GCC_WARN_UNDECLARED_SELECTOR = YES;
				GCC_WARN_UNINITIALIZED_AUTOS = YES_AGGRESSIVE;
				GCC_WARN_UNUSED_FUNCTION = YES;
				GCC_WARN_UNUSED_VARIABLE = YES;
				IPHONEOS_DEPLOYMENT_TARGET = 12.1;
				MTL_ENABLE_DEBUG_INFO = INCLUDE_SOURCE;
				MTL_FAST_MATH = YES;
				ONLY_ACTIVE_ARCH = YES;
				SDKROOT = iphoneos;
				SWIFT_ACTIVE_COMPILATION_CONDITIONS = DEBUG;
				SWIFT_OPTIMIZATION_LEVEL = "-Onone";
			};
			name = Debug;
		};
		57DBB56321D1AEC5001E5CC5 /* Release */ = {
			isa = XCBuildConfiguration;
			buildSettings = {
				ALWAYS_SEARCH_USER_PATHS = NO;
				CLANG_ANALYZER_NONNULL = YES;
				CLANG_ANALYZER_NUMBER_OBJECT_CONVERSION = YES_AGGRESSIVE;
				CLANG_CXX_LANGUAGE_STANDARD = "gnu++14";
				CLANG_CXX_LIBRARY = "libc++";
				CLANG_ENABLE_MODULES = YES;
				CLANG_ENABLE_OBJC_ARC = YES;
				CLANG_ENABLE_OBJC_WEAK = YES;
				CLANG_WARN_BLOCK_CAPTURE_AUTORELEASING = YES;
				CLANG_WARN_BOOL_CONVERSION = YES;
				CLANG_WARN_COMMA = YES;
				CLANG_WARN_CONSTANT_CONVERSION = YES;
				CLANG_WARN_DEPRECATED_OBJC_IMPLEMENTATIONS = YES;
				CLANG_WARN_DIRECT_OBJC_ISA_USAGE = YES_ERROR;
				CLANG_WARN_DOCUMENTATION_COMMENTS = YES;
				CLANG_WARN_EMPTY_BODY = YES;
				CLANG_WARN_ENUM_CONVERSION = YES;
				CLANG_WARN_INFINITE_RECURSION = YES;
				CLANG_WARN_INT_CONVERSION = YES;
				CLANG_WARN_NON_LITERAL_NULL_CONVERSION = YES;
				CLANG_WARN_OBJC_IMPLICIT_RETAIN_SELF = YES;
				CLANG_WARN_OBJC_LITERAL_CONVERSION = YES;
				CLANG_WARN_OBJC_ROOT_CLASS = YES_ERROR;
				CLANG_WARN_RANGE_LOOP_ANALYSIS = YES;
				CLANG_WARN_STRICT_PROTOTYPES = YES;
				CLANG_WARN_SUSPICIOUS_MOVE = YES;
				CLANG_WARN_UNGUARDED_AVAILABILITY = YES_AGGRESSIVE;
				CLANG_WARN_UNREACHABLE_CODE = YES;
				CLANG_WARN__DUPLICATE_METHOD_MATCH = YES;
				CODE_SIGN_IDENTITY = "iPhone Developer";
				COPY_PHASE_STRIP = NO;
				DEBUG_INFORMATION_FORMAT = "dwarf-with-dsym";
				ENABLE_NS_ASSERTIONS = NO;
				ENABLE_STRICT_OBJC_MSGSEND = YES;
				GCC_C_LANGUAGE_STANDARD = gnu11;
				GCC_NO_COMMON_BLOCKS = YES;
				GCC_WARN_64_TO_32_BIT_CONVERSION = YES;
				GCC_WARN_ABOUT_RETURN_TYPE = YES_ERROR;
				GCC_WARN_UNDECLARED_SELECTOR = YES;
				GCC_WARN_UNINITIALIZED_AUTOS = YES_AGGRESSIVE;
				GCC_WARN_UNUSED_FUNCTION = YES;
				GCC_WARN_UNUSED_VARIABLE = YES;
				IPHONEOS_DEPLOYMENT_TARGET = 12.1;
				MTL_ENABLE_DEBUG_INFO = NO;
				MTL_FAST_MATH = YES;
				SDKROOT = iphoneos;
				SWIFT_COMPILATION_MODE = wholemodule;
				SWIFT_OPTIMIZATION_LEVEL = "-O";
				VALIDATE_PRODUCT = YES;
			};
			name = Release;
		};
		57DBB56521D1AEC5001E5CC5 /* Debug */ = {
			isa = XCBuildConfiguration;
			buildSettings = {
				ASSETCATALOG_COMPILER_APPICON_NAME = AppIcon;
				CODE_SIGN_STYLE = Automatic;
				DEVELOPMENT_TEAM = 7ZA9Y8B6FF;
				INFOPLIST_FILE = "$(SRCROOT)/Idle Gun Factory/Info.plist";
				IPHONEOS_DEPLOYMENT_TARGET = 12.1;
				LD_RUNPATH_SEARCH_PATHS = (
					"$(inherited)",
					"@executable_path/Frameworks",
				);
				PRODUCT_BUNDLE_IDENTIFIER = "com.example.Idle-Gun-Factory";
				PRODUCT_NAME = "$(TARGET_NAME)";
				SWIFT_VERSION = 4.2;
				TARGETED_DEVICE_FAMILY = 1;
			};
			name = Debug;
		};
		57DBB56621D1AEC5001E5CC5 /* Release */ = {
			isa = XCBuildConfiguration;
			buildSettings = {
				ASSETCATALOG_COMPILER_APPICON_NAME = AppIcon;
				CODE_SIGN_STYLE = Automatic;
				DEVELOPMENT_TEAM = 7ZA9Y8B6FF;
				INFOPLIST_FILE = "$(SRCROOT)/Idle Gun Factory/Info.plist";
				IPHONEOS_DEPLOYMENT_TARGET = 12.1;
				LD_RUNPATH_SEARCH_PATHS = (
					"$(inherited)",
					"@executable_path/Frameworks",
				);
				PRODUCT_BUNDLE_IDENTIFIER = "com.example.Idle-Gun-Factory";
				PRODUCT_NAME = "$(TARGET_NAME)";
				SWIFT_VERSION = 4.2;
				TARGETED_DEVICE_FAMILY = 1;
			};
			name = Release;
		};
/* End XCBuildConfiguration section */

/* Begin XCConfigurationList section */
		57DBB54D21D1AEC3001E5CC5 /* Build configuration list for PBXProject "Idle Gun Factory" */ = {
			isa = XCConfigurationList;
			buildConfigurations = (
				57DBB56221D1AEC5001E5CC5 /* Debug */,
				57DBB56321D1AEC5001E5CC5 /* Release */,
			);
			defaultConfigurationIsVisible = 0;
			defaultConfigurationName = Release;
		};
		57DBB56421D1AEC5001E5CC5 /* Build configuration list for PBXNativeTarget "Idle Gun Factory" */ = {
			isa = XCConfigurationList;
			buildConfigurations = (
				57DBB56521D1AEC5001E5CC5 /* Debug */,
				57DBB56621D1AEC5001E5CC5 /* Release */,
			);
			defaultConfigurationIsVisible = 0;
			defaultConfigurationName = Release;
		};
/* End XCConfigurationList section */
	};
	rootObject = 57DBB54A21D1AEC3001E5CC5 /* Project object */;
}
